
Microsoft Visual Studio Solution File, Format Version 12.00
# Visual Studio Version 17
VisualStudioVersion = 17.5.33516.290
MinimumVisualStudioVersion = 10.0.40219.1
Project("{9A19103F-16F7-4668-BE54-9A1E7A4F7556}") = "Vk_Internship.WebService", "Vk_Internship.WebService\Vk_Internship.WebService.csproj", "{5ED60874-A168-4CC7-9F6C-DDF49DBB3590}"
	ProjectSection(ProjectDependencies) = postProject
		{667D7811-10CE-4361-8ABD-D0FF464DCEFD} = {667D7811-10CE-4361-8ABD-D0FF464DCEFD}
	EndProjectSection
EndProject
Project("{9A19103F-16F7-4668-BE54-9A1E7A4F7556}") = "Vk_Internship.Database", "Vk_Internship.Database\Vk_Internship.Database.csproj", "{667D7811-10CE-4361-8ABD-D0FF464DCEFD}"
EndProject
Global
	GlobalSection(SolutionConfigurationPlatforms) = preSolution
		Debug|Any CPU = Debug|Any CPU
		Release|Any CPU = Release|Any CPU
	EndGlobalSection
	GlobalSection(ProjectConfigurationPlatforms) = postSolution
		{5ED60874-A168-4CC7-9F6C-DDF49DBB3590}.Debug|Any CPU.ActiveCfg = Debug|Any CPU
		{5ED60874-A168-4CC7-9F6C-DDF49DBB3590}.Debug|Any CPU.Build.0 = Debug|Any CPU
		{5ED60874-A168-4CC7-9F6C-DDF49DBB3590}.Release|Any CPU.ActiveCfg = Release|Any CPU
		{5ED60874-A168-4CC7-9F6C-DDF49DBB3590}.Release|Any CPU.Build.0 = Release|Any CPU
		{667D7811-10CE-4361-8ABD-D0FF464DCEFD}.Debug|Any CPU.ActiveCfg = Debug|Any CPU
		{667D7811-10CE-4361-8ABD-D0FF464DCEFD}.Debug|Any CPU.Build.0 = Debug|Any CPU
		{667D7811-10CE-4361-8ABD-D0FF464DCEFD}.Release|Any CPU.ActiveCfg = Release|Any CPU
		{667D7811-10CE-4361-8ABD-D0FF464DCEFD}.Release|Any CPU.Build.0 = Release|Any CPU
	EndGlobalSection
	GlobalSection(SolutionProperties) = preSolution
		HideSolutionNode = FALSE
	EndGlobalSection
	GlobalSection(ExtensibilityGlobals) = postSolution
		SolutionGuid = {6228F345-BCB6-4156-93DB-1CFB2D0C2519}
	EndGlobalSection
EndGlobal
